{
  "nodes": {
    "nixpkgs": {
      "locked": {
        "lastModified": 1726255539,
        "narHash": "sha256-NqOGiP9/JZEWJDtwnsxalgXM87twlobJiUyHVhJsOIA=",
        "owner": "nixos",
        "repo": "nixpkgs",
        "rev": "8b785089a8115e8a1ba87fe70fc499751b68f68f",
        "type": "github"
      },
      "original": {
        "owner": "nixos",
        "repo": "nixpkgs",
        "type": "github"
      }
    },
    "root": {
      "inputs": {
        "nixpkgs": "nixpkgs"
      }
    }
  },
  "root": "root",
  "version": 7
}
